
Microsoft Visual Studio Solution File, Format Version 12.00
# Visual Studio Version 17
VisualStudioVersion = 17.6.33829.357
MinimumVisualStudioVersion = 10.0.40219.1
Project("{9A19103F-16F7-4668-BE54-9A1E7A4F7556}") = "WeatherService", "WeatherService.csproj", "{0DA8A44D-971E-492F-B5EC-903DEF68E91E}"
EndProject
Global
	GlobalSection(SolutionConfigurationPlatforms) = preSolution
		Debug|Any CPU = Debug|Any CPU
		Release|Any CPU = Release|Any CPU
	EndGlobalSection
	GlobalSection(ProjectConfigurationPlatforms) = postSolution
		{0DA8A44D-971E-492F-B5EC-903DEF68E91E}.Debug|Any CPU.ActiveCfg = Debug|Any CPU
		{0DA8A44D-971E-492F-B5EC-903DEF68E91E}.Debug|Any CPU.Build.0 = Debug|Any CPU
		{0DA8A44D-971E-492F-B5EC-903DEF68E91E}.Release|Any CPU.ActiveCfg = Release|Any CPU
		{0DA8A44D-971E-492F-B5EC-903DEF68E91E}.Release|Any CPU.Build.0 = Release|Any CPU
	EndGlobalSection
	GlobalSection(SolutionProperties) = preSolution
		HideSolutionNode = FALSE
	EndGlobalSection
	GlobalSection(ExtensibilityGlobals) = postSolution
		SolutionGuid = {09C0D6B9-666C-47C6-BD47-527A64AB773C}
	EndGlobalSection
EndGlobal
